
Microsoft Visual Studio Solution File, Format Version 12.00
# Visual Studio Version 16
VisualStudioVersion = 16.0.30611.23
MinimumVisualStudioVersion = 10.0.40219.1
Project("{FAE04EC0-301F-11D3-BF4B-00C04F79EFBC}") = "ProductStore", "ProductStore\ProductStore.csproj", "{678B6E4C-0A8C-4116-8F57-BA69BAD5A173}"
EndProject
Global
	GlobalSection(SolutionConfigurationPlatforms) = preSolution
		Debug|Any CPU = Debug|Any CPU
		Release|Any CPU = Release|Any CPU
	EndGlobalSection
	GlobalSection(ProjectConfigurationPlatforms) = postSolution
		{678B6E4C-0A8C-4116-8F57-BA69BAD5A173}.Debug|Any CPU.ActiveCfg = Debug|Any CPU
		{678B6E4C-0A8C-4116-8F57-BA69BAD5A173}.Debug|Any CPU.Build.0 = Debug|Any CPU
		{678B6E4C-0A8C-4116-8F57-BA69BAD5A173}.Release|Any CPU.ActiveCfg = Release|Any CPU
		{678B6E4C-0A8C-4116-8F57-BA69BAD5A173}.Release|Any CPU.Build.0 = Release|Any CPU
	EndGlobalSection
	GlobalSection(SolutionProperties) = preSolution
		HideSolutionNode = FALSE
	EndGlobalSection
	GlobalSection(ExtensibilityGlobals) = postSolution
		SolutionGuid = {D7DC5C9E-DF71-48AF-B45A-61EC78CB41E0}
	EndGlobalSection
EndGlobal
