
Microsoft Visual Studio Solution File, Format Version 12.00
# Visual Studio Version 16
VisualStudioVersion = 16.0.30611.23
MinimumVisualStudioVersion = 10.0.40219.1
Project("{FAE04EC0-301F-11D3-BF4B-00C04F79EFBC}") = "TalentApi", "TalentApi\TalentApi.csproj", "{409D6E3B-058E-4C86-B977-1D2932FFABD3}"
EndProject
Global
	GlobalSection(SolutionConfigurationPlatforms) = preSolution
		Debug|Any CPU = Debug|Any CPU
		Release|Any CPU = Release|Any CPU
	EndGlobalSection
	GlobalSection(ProjectConfigurationPlatforms) = postSolution
		{409D6E3B-058E-4C86-B977-1D2932FFABD3}.Debug|Any CPU.ActiveCfg = Debug|Any CPU
		{409D6E3B-058E-4C86-B977-1D2932FFABD3}.Debug|Any CPU.Build.0 = Debug|Any CPU
		{409D6E3B-058E-4C86-B977-1D2932FFABD3}.Release|Any CPU.ActiveCfg = Release|Any CPU
		{409D6E3B-058E-4C86-B977-1D2932FFABD3}.Release|Any CPU.Build.0 = Release|Any CPU
	EndGlobalSection
	GlobalSection(SolutionProperties) = preSolution
		HideSolutionNode = FALSE
	EndGlobalSection
	GlobalSection(ExtensibilityGlobals) = postSolution
		SolutionGuid = {A846ED30-B8E2-4FC0-A21C-80B55CA86331}
	EndGlobalSection
EndGlobal
